
Microsoft Visual Studio Solution File, Format Version 12.00
# Visual Studio Version 17
VisualStudioVersion = 17.14.36623.8 d17.14
MinimumVisualStudioVersion = 10.0.40219.1
Project("{8BC9CEB8-8B4A-11D0-8D11-00A0C91BC942}") = "RandomMatrixProblmes1.c", "RandomMatrixProblmes1.c\RandomMatrixProblmes1.c.vcxproj", "{83D8CC66-D5F8-4838-94D9-6723F51711AF}"
EndProject
Global
	GlobalSection(SolutionConfigurationPlatforms) = preSolution
		Debug|x64 = Debug|x64
		Debug|x86 = Debug|x86
		Release|x64 = Release|x64
		Release|x86 = Release|x86
	EndGlobalSection
	GlobalSection(ProjectConfigurationPlatforms) = postSolution
		{83D8CC66-D5F8-4838-94D9-6723F51711AF}.Debug|x64.ActiveCfg = Debug|x64
		{83D8CC66-D5F8-4838-94D9-6723F51711AF}.Debug|x64.Build.0 = Debug|x64
		{83D8CC66-D5F8-4838-94D9-6723F51711AF}.Debug|x86.ActiveCfg = Debug|Win32
		{83D8CC66-D5F8-4838-94D9-6723F51711AF}.Debug|x86.Build.0 = Debug|Win32
		{83D8CC66-D5F8-4838-94D9-6723F51711AF}.Release|x64.ActiveCfg = Release|x64
		{83D8CC66-D5F8-4838-94D9-6723F51711AF}.Release|x64.Build.0 = Release|x64
		{83D8CC66-D5F8-4838-94D9-6723F51711AF}.Release|x86.ActiveCfg = Release|Win32
		{83D8CC66-D5F8-4838-94D9-6723F51711AF}.Release|x86.Build.0 = Release|Win32
	EndGlobalSection
	GlobalSection(SolutionProperties) = preSolution
		HideSolutionNode = FALSE
	EndGlobalSection
	GlobalSection(ExtensibilityGlobals) = postSolution
		SolutionGuid = {D7425DF7-218E-4A1A-810D-C66FD5C6ACBC}
	EndGlobalSection
EndGlobal
