
Microsoft Visual Studio Solution File, Format Version 12.00
# Visual Studio Version 17
VisualStudioVersion = 17.14.36930.0
MinimumVisualStudioVersion = 10.0.40219.1
Project("{8BC9CEB8-8B4A-11D0-8D11-00A0C91BC942}") = "CountNumberInMatrix.c", "CountNumberInMatrix.c\CountNumberInMatrix.c.vcxproj", "{E095D4F2-3743-4493-9C2D-4A8616F9D37C}"
EndProject
Project("{8BC9CEB8-8B4A-11D0-8D11-00A0C91BC942}") = "CheckSparseMatrix.c", "CheckSparseMatrix.c\CheckSparseMatrix.c.vcxproj", "{D1B73813-2608-4861-87DB-7BB49513EEEF}"
EndProject
Global
	GlobalSection(SolutionConfigurationPlatforms) = preSolution
		Debug|x64 = Debug|x64
		Debug|x86 = Debug|x86
		Release|x64 = Release|x64
		Release|x86 = Release|x86
	EndGlobalSection
	GlobalSection(ProjectConfigurationPlatforms) = postSolution
		{E095D4F2-3743-4493-9C2D-4A8616F9D37C}.Debug|x64.ActiveCfg = Debug|x64
		{E095D4F2-3743-4493-9C2D-4A8616F9D37C}.Debug|x64.Build.0 = Debug|x64
		{E095D4F2-3743-4493-9C2D-4A8616F9D37C}.Debug|x86.ActiveCfg = Debug|Win32
		{E095D4F2-3743-4493-9C2D-4A8616F9D37C}.Debug|x86.Build.0 = Debug|Win32
		{E095D4F2-3743-4493-9C2D-4A8616F9D37C}.Release|x64.ActiveCfg = Release|x64
		{E095D4F2-3743-4493-9C2D-4A8616F9D37C}.Release|x64.Build.0 = Release|x64
		{E095D4F2-3743-4493-9C2D-4A8616F9D37C}.Release|x86.ActiveCfg = Release|Win32
		{E095D4F2-3743-4493-9C2D-4A8616F9D37C}.Release|x86.Build.0 = Release|Win32
		{D1B73813-2608-4861-87DB-7BB49513EEEF}.Debug|x64.ActiveCfg = Debug|x64
		{D1B73813-2608-4861-87DB-7BB49513EEEF}.Debug|x64.Build.0 = Debug|x64
		{D1B73813-2608-4861-87DB-7BB49513EEEF}.Debug|x86.ActiveCfg = Debug|Win32
		{D1B73813-2608-4861-87DB-7BB49513EEEF}.Debug|x86.Build.0 = Debug|Win32
		{D1B73813-2608-4861-87DB-7BB49513EEEF}.Release|x64.ActiveCfg = Release|x64
		{D1B73813-2608-4861-87DB-7BB49513EEEF}.Release|x64.Build.0 = Release|x64
		{D1B73813-2608-4861-87DB-7BB49513EEEF}.Release|x86.ActiveCfg = Release|Win32
		{D1B73813-2608-4861-87DB-7BB49513EEEF}.Release|x86.Build.0 = Release|Win32
	EndGlobalSection
	GlobalSection(SolutionProperties) = preSolution
		HideSolutionNode = FALSE
	EndGlobalSection
	GlobalSection(ExtensibilityGlobals) = postSolution
		SolutionGuid = {9B00C1C0-ABA8-4795-B927-2CA13FF40D66}
	EndGlobalSection
EndGlobal
