
Microsoft Visual Studio Solution File, Format Version 12.00
# Visual Studio Version 17
VisualStudioVersion = 17.14.36930.0 d17.14
MinimumVisualStudioVersion = 10.0.40219.1
Project("{8BC9CEB8-8B4A-11D0-8D11-00A0C91BC942}") = "JoinstringOverloading.c", "JoinstringOverloading.c\JoinstringOverloading.c.vcxproj", "{CAD9D965-BF66-4F46-97EC-4FC3C134BC30}"
EndProject
Global
	GlobalSection(SolutionConfigurationPlatforms) = preSolution
		Debug|x64 = Debug|x64
		Debug|x86 = Debug|x86
		Release|x64 = Release|x64
		Release|x86 = Release|x86
	EndGlobalSection
	GlobalSection(ProjectConfigurationPlatforms) = postSolution
		{CAD9D965-BF66-4F46-97EC-4FC3C134BC30}.Debug|x64.ActiveCfg = Debug|x64
		{CAD9D965-BF66-4F46-97EC-4FC3C134BC30}.Debug|x64.Build.0 = Debug|x64
		{CAD9D965-BF66-4F46-97EC-4FC3C134BC30}.Debug|x86.ActiveCfg = Debug|Win32
		{CAD9D965-BF66-4F46-97EC-4FC3C134BC30}.Debug|x86.Build.0 = Debug|Win32
		{CAD9D965-BF66-4F46-97EC-4FC3C134BC30}.Release|x64.ActiveCfg = Release|x64
		{CAD9D965-BF66-4F46-97EC-4FC3C134BC30}.Release|x64.Build.0 = Release|x64
		{CAD9D965-BF66-4F46-97EC-4FC3C134BC30}.Release|x86.ActiveCfg = Release|Win32
		{CAD9D965-BF66-4F46-97EC-4FC3C134BC30}.Release|x86.Build.0 = Release|Win32
	EndGlobalSection
	GlobalSection(SolutionProperties) = preSolution
		HideSolutionNode = FALSE
	EndGlobalSection
	GlobalSection(ExtensibilityGlobals) = postSolution
		SolutionGuid = {250F5F93-90FA-4637-8045-48C9C958480E}
	EndGlobalSection
EndGlobal
