
Microsoft Visual Studio Solution File, Format Version 12.00
# Visual Studio Version 17
VisualStudioVersion = 17.14.36930.0 d17.14
MinimumVisualStudioVersion = 10.0.40219.1
Project("{8BC9CEB8-8B4A-11D0-8D11-00A0C91BC942}") = "joniString.c", "joniString.c\joniString.c.vcxproj", "{F02FEA42-CDF9-4B6E-97E6-D5D401D72F2D}"
EndProject
Global
	GlobalSection(SolutionConfigurationPlatforms) = preSolution
		Debug|x64 = Debug|x64
		Debug|x86 = Debug|x86
		Release|x64 = Release|x64
		Release|x86 = Release|x86
	EndGlobalSection
	GlobalSection(ProjectConfigurationPlatforms) = postSolution
		{F02FEA42-CDF9-4B6E-97E6-D5D401D72F2D}.Debug|x64.ActiveCfg = Debug|x64
		{F02FEA42-CDF9-4B6E-97E6-D5D401D72F2D}.Debug|x64.Build.0 = Debug|x64
		{F02FEA42-CDF9-4B6E-97E6-D5D401D72F2D}.Debug|x86.ActiveCfg = Debug|Win32
		{F02FEA42-CDF9-4B6E-97E6-D5D401D72F2D}.Debug|x86.Build.0 = Debug|Win32
		{F02FEA42-CDF9-4B6E-97E6-D5D401D72F2D}.Release|x64.ActiveCfg = Release|x64
		{F02FEA42-CDF9-4B6E-97E6-D5D401D72F2D}.Release|x64.Build.0 = Release|x64
		{F02FEA42-CDF9-4B6E-97E6-D5D401D72F2D}.Release|x86.ActiveCfg = Release|Win32
		{F02FEA42-CDF9-4B6E-97E6-D5D401D72F2D}.Release|x86.Build.0 = Release|Win32
	EndGlobalSection
	GlobalSection(SolutionProperties) = preSolution
		HideSolutionNode = FALSE
	EndGlobalSection
	GlobalSection(ExtensibilityGlobals) = postSolution
		SolutionGuid = {353BB888-81ED-4177-A6B1-3801BBB6F7D7}
	EndGlobalSection
EndGlobal
